
Microsoft Visual Studio Solution File, Format Version 12.00
# Visual Studio Version 17
VisualStudioVersion = 17.1.32319.34
MinimumVisualStudioVersion = 10.0.40219.1
Project("{FAE04EC0-301F-11D3-BF4B-00C04F79EFBC}") = "FacilityApp", "FacilityApp\FacilityApp.csproj", "{DBE6E60D-71BC-44A4-8151-9F679A865E11}"
EndProject
Global
	GlobalSection(SolutionConfigurationPlatforms) = preSolution
		Debug|Any CPU = Debug|Any CPU
		Release|Any CPU = Release|Any CPU
	EndGlobalSection
	GlobalSection(ProjectConfigurationPlatforms) = postSolution
		{DBE6E60D-71BC-44A4-8151-9F679A865E11}.Debug|Any CPU.ActiveCfg = Debug|Any CPU
		{DBE6E60D-71BC-44A4-8151-9F679A865E11}.Debug|Any CPU.Build.0 = Debug|Any CPU
		{DBE6E60D-71BC-44A4-8151-9F679A865E11}.Release|Any CPU.ActiveCfg = Release|Any CPU
		{DBE6E60D-71BC-44A4-8151-9F679A865E11}.Release|Any CPU.Build.0 = Release|Any CPU
	EndGlobalSection
	GlobalSection(SolutionProperties) = preSolution
		HideSolutionNode = FALSE
	EndGlobalSection
	GlobalSection(ExtensibilityGlobals) = postSolution
		SolutionGuid = {26F3763E-1ECD-4962-A9E0-FEBB5B7BCA16}
	EndGlobalSection
EndGlobal
